
Microsoft Visual Studio Solution File, Format Version 12.00
# Visual Studio Version 17
VisualStudioVersion = 17.7.34031.279
MinimumVisualStudioVersion = 10.0.40219.1
Project("{9A19103F-16F7-4668-BE54-9A1E7A4F7556}") = "MyService", "src\MyService\MyService.csproj", "{E529CA32-69E5-4899-9D58-34683EF65702}"
EndProject
Project("{9A19103F-16F7-4668-BE54-9A1E7A4F7556}") = "MyService.Abstractions", "src\MyService.Abstractions\MyService.Abstractions.csproj", "{3E00FCE7-E662-4D4B-9E3A-0800FC7734EB}"
EndProject
Project("{9A19103F-16F7-4668-BE54-9A1E7A4F7556}") = "MyService.Infrastructure", "src\MyService.Infrastructure\MyService.Infrastructure.csproj", "{DF110B8B-4EDA-47E5-9E27-B98B487DF098}"
EndProject
Project("{2150E333-8FDC-42A3-9474-1A3956D46DE8}") = "Abstraction", "Abstraction", "{22C7179A-8DA6-4B67-899C-DD1BC37514FF}"
EndProject
Project("{9A19103F-16F7-4668-BE54-9A1E7A4F7556}") = "App.Core", "src\App.Core\App.Core.csproj", "{B828668D-FAF2-424D-8D52-1C85EA00CE06}"
EndProject
Project("{9A19103F-16F7-4668-BE54-9A1E7A4F7556}") = "MyService.Services", "src\MyService.Services\MyService.Services.csproj", "{16928DDA-A7F4-44F7-8F0E-26BE743EBCE4}"
EndProject
Project("{9A19103F-16F7-4668-BE54-9A1E7A4F7556}") = "MyService.WebApi", "src\MyService.WebApi\MyService.WebApi.csproj", "{6892D551-1B70-4EC0-AF96-DA313C6049DE}"
EndProject
Project("{2150E333-8FDC-42A3-9474-1A3956D46DE8}") = "Concrete", "Concrete", "{106EDE0C-4F5F-479C-913F-D1E1E9571998}"
EndProject
Project("{2150E333-8FDC-42A3-9474-1A3956D46DE8}") = "WebApi", "WebApi", "{CF1DDC88-07E7-41DB-ADA4-E0E81BF12E7D}"
EndProject
Project("{2150E333-8FDC-42A3-9474-1A3956D46DE8}") = "~ core submodules", "~ core submodules", "{806110E1-EB21-4849-9BA4-6DA915F899DE}"
EndProject
Project("{9A19103F-16F7-4668-BE54-9A1E7A4F7556}") = "MyService.WebApi.Tests", "tests\MyService.WebApi.Tests\MyService.WebApi.Tests.csproj", "{1DB4F9F9-98FE-4442-AA82-D04C0D672D68}"
EndProject
Project("{9A19103F-16F7-4668-BE54-9A1E7A4F7556}") = "MyService.Repositories", "src\MyService.Repositories\MyService.Repositories.csproj", "{BB558D68-32F1-49E5-873F-09B4F4DE925F}"
EndProject
Project("{2150E333-8FDC-42A3-9474-1A3956D46DE8}") = "src", "src", "{A47FF0E2-D5EC-4BEC-80BA-88995481D22E}"
EndProject
Project("{2150E333-8FDC-42A3-9474-1A3956D46DE8}") = "tests", "tests", "{B3F6B9A9-5D64-4C9D-99E7-AA36B28B44E2}"
EndProject
Global
	GlobalSection(SolutionConfigurationPlatforms) = preSolution
		Debug|Any CPU = Debug|Any CPU
		Release|Any CPU = Release|Any CPU
	EndGlobalSection
	GlobalSection(ProjectConfigurationPlatforms) = postSolution
		{E529CA32-69E5-4899-9D58-34683EF65702}.Debug|Any CPU.ActiveCfg = Debug|Any CPU
		{E529CA32-69E5-4899-9D58-34683EF65702}.Debug|Any CPU.Build.0 = Debug|Any CPU
		{E529CA32-69E5-4899-9D58-34683EF65702}.Release|Any CPU.ActiveCfg = Release|Any CPU
		{E529CA32-69E5-4899-9D58-34683EF65702}.Release|Any CPU.Build.0 = Release|Any CPU
		{3E00FCE7-E662-4D4B-9E3A-0800FC7734EB}.Debug|Any CPU.ActiveCfg = Debug|Any CPU
		{3E00FCE7-E662-4D4B-9E3A-0800FC7734EB}.Debug|Any CPU.Build.0 = Debug|Any CPU
		{3E00FCE7-E662-4D4B-9E3A-0800FC7734EB}.Release|Any CPU.ActiveCfg = Release|Any CPU
		{3E00FCE7-E662-4D4B-9E3A-0800FC7734EB}.Release|Any CPU.Build.0 = Release|Any CPU
		{DF110B8B-4EDA-47E5-9E27-B98B487DF098}.Debug|Any CPU.ActiveCfg = Debug|Any CPU
		{DF110B8B-4EDA-47E5-9E27-B98B487DF098}.Debug|Any CPU.Build.0 = Debug|Any CPU
		{DF110B8B-4EDA-47E5-9E27-B98B487DF098}.Release|Any CPU.ActiveCfg = Release|Any CPU
		{DF110B8B-4EDA-47E5-9E27-B98B487DF098}.Release|Any CPU.Build.0 = Release|Any CPU
		{B828668D-FAF2-424D-8D52-1C85EA00CE06}.Debug|Any CPU.ActiveCfg = Debug|Any CPU
		{B828668D-FAF2-424D-8D52-1C85EA00CE06}.Debug|Any CPU.Build.0 = Debug|Any CPU
		{B828668D-FAF2-424D-8D52-1C85EA00CE06}.Release|Any CPU.ActiveCfg = Release|Any CPU
		{B828668D-FAF2-424D-8D52-1C85EA00CE06}.Release|Any CPU.Build.0 = Release|Any CPU
		{16928DDA-A7F4-44F7-8F0E-26BE743EBCE4}.Debug|Any CPU.ActiveCfg = Debug|Any CPU
		{16928DDA-A7F4-44F7-8F0E-26BE743EBCE4}.Debug|Any CPU.Build.0 = Debug|Any CPU
		{16928DDA-A7F4-44F7-8F0E-26BE743EBCE4}.Release|Any CPU.ActiveCfg = Release|Any CPU
		{16928DDA-A7F4-44F7-8F0E-26BE743EBCE4}.Release|Any CPU.Build.0 = Release|Any CPU
		{6892D551-1B70-4EC0-AF96-DA313C6049DE}.Debug|Any CPU.ActiveCfg = Debug|Any CPU
		{6892D551-1B70-4EC0-AF96-DA313C6049DE}.Debug|Any CPU.Build.0 = Debug|Any CPU
		{6892D551-1B70-4EC0-AF96-DA313C6049DE}.Release|Any CPU.ActiveCfg = Release|Any CPU
		{6892D551-1B70-4EC0-AF96-DA313C6049DE}.Release|Any CPU.Build.0 = Release|Any CPU
		{1DB4F9F9-98FE-4442-AA82-D04C0D672D68}.Debug|Any CPU.ActiveCfg = Debug|Any CPU
		{1DB4F9F9-98FE-4442-AA82-D04C0D672D68}.Debug|Any CPU.Build.0 = Debug|Any CPU
		{1DB4F9F9-98FE-4442-AA82-D04C0D672D68}.Release|Any CPU.ActiveCfg = Release|Any CPU
		{1DB4F9F9-98FE-4442-AA82-D04C0D672D68}.Release|Any CPU.Build.0 = Release|Any CPU
		{BB558D68-32F1-49E5-873F-09B4F4DE925F}.Debug|Any CPU.ActiveCfg = Debug|Any CPU
		{BB558D68-32F1-49E5-873F-09B4F4DE925F}.Debug|Any CPU.Build.0 = Debug|Any CPU
		{BB558D68-32F1-49E5-873F-09B4F4DE925F}.Release|Any CPU.ActiveCfg = Release|Any CPU
		{BB558D68-32F1-49E5-873F-09B4F4DE925F}.Release|Any CPU.Build.0 = Release|Any CPU
	EndGlobalSection
	GlobalSection(SolutionProperties) = preSolution
		HideSolutionNode = FALSE
	EndGlobalSection
	GlobalSection(NestedProjects) = preSolution
		{E529CA32-69E5-4899-9D58-34683EF65702} = {A47FF0E2-D5EC-4BEC-80BA-88995481D22E}
		{3E00FCE7-E662-4D4B-9E3A-0800FC7734EB} = {22C7179A-8DA6-4B67-899C-DD1BC37514FF}
		{DF110B8B-4EDA-47E5-9E27-B98B487DF098} = {106EDE0C-4F5F-479C-913F-D1E1E9571998}
		{22C7179A-8DA6-4B67-899C-DD1BC37514FF} = {A47FF0E2-D5EC-4BEC-80BA-88995481D22E}
		{B828668D-FAF2-424D-8D52-1C85EA00CE06} = {806110E1-EB21-4849-9BA4-6DA915F899DE}
		{16928DDA-A7F4-44F7-8F0E-26BE743EBCE4} = {106EDE0C-4F5F-479C-913F-D1E1E9571998}
		{6892D551-1B70-4EC0-AF96-DA313C6049DE} = {CF1DDC88-07E7-41DB-ADA4-E0E81BF12E7D}
		{106EDE0C-4F5F-479C-913F-D1E1E9571998} = {A47FF0E2-D5EC-4BEC-80BA-88995481D22E}
		{CF1DDC88-07E7-41DB-ADA4-E0E81BF12E7D} = {A47FF0E2-D5EC-4BEC-80BA-88995481D22E}
		{1DB4F9F9-98FE-4442-AA82-D04C0D672D68} = {B3F6B9A9-5D64-4C9D-99E7-AA36B28B44E2}
		{BB558D68-32F1-49E5-873F-09B4F4DE925F} = {106EDE0C-4F5F-479C-913F-D1E1E9571998}
	EndGlobalSection
	GlobalSection(ExtensibilityGlobals) = postSolution
		SolutionGuid = {F15DCC8E-68ED-4B40-9BC6-1D405C1349A3}
	EndGlobalSection
EndGlobal
